
Microsoft Visual Studio Solution File, Format Version 12.00
# Visual Studio Version 17
VisualStudioVersion = 17.4.33205.214
MinimumVisualStudioVersion = 10.0.40219.1
Project("{FAE04EC0-301F-11D3-BF4B-00C04F79EFBC}") = "Spray Paint Application", "Spray Paint Application.csproj", "{A3EC43DA-BDAB-48E1-9A34-317B7802F6CE}"
EndProject
Global
	GlobalSection(SolutionConfigurationPlatforms) = preSolution
		Debug|Any CPU = Debug|Any CPU
		Release|Any CPU = Release|Any CPU
	EndGlobalSection
	GlobalSection(ProjectConfigurationPlatforms) = postSolution
		{A3EC43DA-BDAB-48E1-9A34-317B7802F6CE}.Debug|Any CPU.ActiveCfg = Debug|Any CPU
		{A3EC43DA-BDAB-48E1-9A34-317B7802F6CE}.Debug|Any CPU.Build.0 = Debug|Any CPU
		{A3EC43DA-BDAB-48E1-9A34-317B7802F6CE}.Release|Any CPU.ActiveCfg = Release|Any CPU
		{A3EC43DA-BDAB-48E1-9A34-317B7802F6CE}.Release|Any CPU.Build.0 = Release|Any CPU
	EndGlobalSection
	GlobalSection(SolutionProperties) = preSolution
		HideSolutionNode = FALSE
	EndGlobalSection
	GlobalSection(ExtensibilityGlobals) = postSolution
		SolutionGuid = {DAFC9277-D485-4613-B398-93CC7D7D33C3}
	EndGlobalSection
EndGlobal
